// !$*UTF8*$!
{
	archiveVersion = 1;
	classes = {
	};
	objectVersion = 56;
	objects = {

/* Begin PBXBuildFile section */
		04AC6751293971C2003322FA /* AppDelegate.swift in Sources */ = {isa = PBXBuildFile; fileRef = 04AC6750293971C2003322FA /* AppDelegate.swift */; };
		04AC6753293971C2003322FA /* SceneDelegate.swift in Sources */ = {isa = PBXBuildFile; fileRef = 04AC6752293971C2003322FA /* SceneDelegate.swift */; };
		04AC6758293971C2003322FA /* Main.storyboard in Resources */ = {isa = PBXBuildFile; fileRef = 04AC6756293971C2003322FA /* Main.storyboard */; };
		04AC675A293971C4003322FA /* Assets.xcassets in Resources */ = {isa = PBXBuildFile; fileRef = 04AC6759293971C4003322FA /* Assets.xcassets */; };
		04AC675D293971C4003322FA /* LaunchScreen.storyboard in Resources */ = {isa = PBXBuildFile; fileRef = 04AC675B293971C4003322FA /* LaunchScreen.storyboard */; };
		04AC6768293971C4003322FA /* MintProjectTests.swift in Sources */ = {isa = PBXBuildFile; fileRef = 04AC6767293971C4003322FA /* MintProjectTests.swift */; };
		04AC6772293971C4003322FA /* MintProjectUITests.swift in Sources */ = {isa = PBXBuildFile; fileRef = 04AC6771293971C4003322FA /* MintProjectUITests.swift */; };
		04AC6774293971C4003322FA /* MintProjectUITestsLaunchTests.swift in Sources */ = {isa = PBXBuildFile; fileRef = 04AC6773293971C4003322FA /* MintProjectUITestsLaunchTests.swift */; };
		04AC678129397349003322FA /* LoginViewController.swift in Sources */ = {isa = PBXBuildFile; fileRef = 04AC678029397349003322FA /* LoginViewController.swift */; };
		04AC6783293974B2003322FA /* MainCordinator.swift in Sources */ = {isa = PBXBuildFile; fileRef = 04AC6782293974B2003322FA /* MainCordinator.swift */; };
		04AC6785293974BF003322FA /* Cordinator.swift in Sources */ = {isa = PBXBuildFile; fileRef = 04AC6784293974BF003322FA /* Cordinator.swift */; };
		04AC6787293974F7003322FA /* NSObjectExt.swift in Sources */ = {isa = PBXBuildFile; fileRef = 04AC6786293974F7003322FA /* NSObjectExt.swift */; };
		04AC67892939750A003322FA /* AppColors.swift in Sources */ = {isa = PBXBuildFile; fileRef = 04AC67882939750A003322FA /* AppColors.swift */; };
		04AC678B2939751D003322FA /* UIColorExt.swift in Sources */ = {isa = PBXBuildFile; fileRef = 04AC678A2939751D003322FA /* UIColorExt.swift */; };
		04AC678D2939752F003322FA /* UIViewExt.swift in Sources */ = {isa = PBXBuildFile; fileRef = 04AC678C2939752F003322FA /* UIViewExt.swift */; };
		04AC678F2939754E003322FA /* NSLayoutExt.swift in Sources */ = {isa = PBXBuildFile; fileRef = 04AC678E2939754E003322FA /* NSLayoutExt.swift */; };
		04AC679129397567003322FA /* HomeDetailView.swift in Sources */ = {isa = PBXBuildFile; fileRef = 04AC679029397567003322FA /* HomeDetailView.swift */; };
		04AC679329397582003322FA /* UIViewControllerExt.swift in Sources */ = {isa = PBXBuildFile; fileRef = 04AC679229397582003322FA /* UIViewControllerExt.swift */; };
		04AC679629397646003322FA /* Colors.xcassets in Resources */ = {isa = PBXBuildFile; fileRef = 04AC679529397646003322FA /* Colors.xcassets */; };
/* End PBXBuildFile section */

/* Begin PBXContainerItemProxy section */
		04AC6764293971C4003322FA /* PBXContainerItemProxy */ = {
			isa = PBXContainerItemProxy;
			containerPortal = 04AC6745293971C2003322FA /* Project object */;
			proxyType = 1;
			remoteGlobalIDString = 04AC674C293971C2003322FA;
			remoteInfo = MintProject;
		};
		04AC676E293971C4003322FA /* PBXContainerItemProxy */ = {
			isa = PBXContainerItemProxy;
			containerPortal = 04AC6745293971C2003322FA /* Project object */;
			proxyType = 1;
			remoteGlobalIDString = 04AC674C293971C2003322FA;
			remoteInfo = MintProject;
		};
/* End PBXContainerItemProxy section */

/* Begin PBXFileReference section */
		04AC674D293971C2003322FA /* MintProject.app */ = {isa = PBXFileReference; explicitFileType = wrapper.application; includeInIndex = 0; path = MintProject.app; sourceTree = BUILT_PRODUCTS_DIR; };
		04AC6750293971C2003322FA /* AppDelegate.swift */ = {isa = PBXFileReference; lastKnownFileType = sourcecode.swift; path = AppDelegate.swift; sourceTree = "<group>"; };
		04AC6752293971C2003322FA /* SceneDelegate.swift */ = {isa = PBXFileReference; lastKnownFileType = sourcecode.swift; path = SceneDelegate.swift; sourceTree = "<group>"; };
		04AC6757293971C2003322FA /* Base */ = {isa = PBXFileReference; lastKnownFileType = file.storyboard; name = Base; path = Base.lproj/Main.storyboard; sourceTree = "<group>"; };
		04AC6759293971C4003322FA /* Assets.xcassets */ = {isa = PBXFileReference; lastKnownFileType = folder.assetcatalog; path = Assets.xcassets; sourceTree = "<group>"; };
		04AC675C293971C4003322FA /* Base */ = {isa = PBXFileReference; lastKnownFileType = file.storyboard; name = Base; path = Base.lproj/LaunchScreen.storyboard; sourceTree = "<group>"; };
		04AC675E293971C4003322FA /* Info.plist */ = {isa = PBXFileReference; lastKnownFileType = text.plist.xml; path = Info.plist; sourceTree = "<group>"; };
		04AC6763293971C4003322FA /* MintProjectTests.xctest */ = {isa = PBXFileReference; explicitFileType = wrapper.cfbundle; includeInIndex = 0; path = MintProjectTests.xctest; sourceTree = BUILT_PRODUCTS_DIR; };
		04AC6767293971C4003322FA /* MintProjectTests.swift */ = {isa = PBXFileReference; lastKnownFileType = sourcecode.swift; path = MintProjectTests.swift; sourceTree = "<group>"; };
		04AC676D293971C4003322FA /* MintProjectUITests.xctest */ = {isa = PBXFileReference; explicitFileType = wrapper.cfbundle; includeInIndex = 0; path = MintProjectUITests.xctest; sourceTree = BUILT_PRODUCTS_DIR; };
		04AC6771293971C4003322FA /* MintProjectUITests.swift */ = {isa = PBXFileReference; lastKnownFileType = sourcecode.swift; path = MintProjectUITests.swift; sourceTree = "<group>"; };
		04AC6773293971C4003322FA /* MintProjectUITestsLaunchTests.swift */ = {isa = PBXFileReference; lastKnownFileType = sourcecode.swift; path = MintProjectUITestsLaunchTests.swift; sourceTree = "<group>"; };
		04AC678029397349003322FA /* LoginViewController.swift */ = {isa = PBXFileReference; lastKnownFileType = sourcecode.swift; path = LoginViewController.swift; sourceTree = "<group>"; };
		04AC6782293974B2003322FA /* MainCordinator.swift */ = {isa = PBXFileReference; lastKnownFileType = sourcecode.swift; path = MainCordinator.swift; sourceTree = "<group>"; };
		04AC6784293974BF003322FA /* Cordinator.swift */ = {isa = PBXFileReference; lastKnownFileType = sourcecode.swift; path = Cordinator.swift; sourceTree = "<group>"; };
		04AC6786293974F7003322FA /* NSObjectExt.swift */ = {isa = PBXFileReference; lastKnownFileType = sourcecode.swift; path = NSObjectExt.swift; sourceTree = "<group>"; };
		04AC67882939750A003322FA /* AppColors.swift */ = {isa = PBXFileReference; lastKnownFileType = sourcecode.swift; path = AppColors.swift; sourceTree = "<group>"; };
		04AC678A2939751D003322FA /* UIColorExt.swift */ = {isa = PBXFileReference; lastKnownFileType = sourcecode.swift; path = UIColorExt.swift; sourceTree = "<group>"; };
		04AC678C2939752F003322FA /* UIViewExt.swift */ = {isa = PBXFileReference; lastKnownFileType = sourcecode.swift; path = UIViewExt.swift; sourceTree = "<group>"; };
		04AC678E2939754E003322FA /* NSLayoutExt.swift */ = {isa = PBXFileReference; lastKnownFileType = sourcecode.swift; path = NSLayoutExt.swift; sourceTree = "<group>"; };
		04AC679029397567003322FA /* HomeDetailView.swift */ = {isa = PBXFileReference; lastKnownFileType = sourcecode.swift; path = HomeDetailView.swift; sourceTree = "<group>"; };
		04AC679229397582003322FA /* UIViewControllerExt.swift */ = {isa = PBXFileReference; lastKnownFileType = sourcecode.swift; path = UIViewControllerExt.swift; sourceTree = "<group>"; };
		04AC679529397646003322FA /* Colors.xcassets */ = {isa = PBXFileReference; lastKnownFileType = folder.assetcatalog; path = Colors.xcassets; sourceTree = "<group>"; };
/* End PBXFileReference section */

/* Begin PBXFrameworksBuildPhase section */
		04AC674A293971C2003322FA /* Frameworks */ = {
			isa = PBXFrameworksBuildPhase;
			buildActionMask = 2147483647;
			files = (
			);
			runOnlyForDeploymentPostprocessing = 0;
		};
		04AC6760293971C4003322FA /* Frameworks */ = {
			isa = PBXFrameworksBuildPhase;
			buildActionMask = 2147483647;
			files = (
			);
			runOnlyForDeploymentPostprocessing = 0;
		};
		04AC676A293971C4003322FA /* Frameworks */ = {
			isa = PBXFrameworksBuildPhase;
			buildActionMask = 2147483647;
			files = (
			);
			runOnlyForDeploymentPostprocessing = 0;
		};
/* End PBXFrameworksBuildPhase section */

/* Begin PBXGroup section */
		04AC6744293971C2003322FA = {
			isa = PBXGroup;
			children = (
				04AC674F293971C2003322FA /* MintProject */,
				04AC6766293971C4003322FA /* MintProjectTests */,
				04AC6770293971C4003322FA /* MintProjectUITests */,
				04AC674E293971C2003322FA /* Products */,
			);
			sourceTree = "<group>";
		};
		04AC674E293971C2003322FA /* Products */ = {
			isa = PBXGroup;
			children = (
				04AC674D293971C2003322FA /* MintProject.app */,
				04AC6763293971C4003322FA /* MintProjectTests.xctest */,
				04AC676D293971C4003322FA /* MintProjectUITests.xctest */,
			);
			name = Products;
			sourceTree = "<group>";
		};
		04AC674F293971C2003322FA /* MintProject */ = {
			isa = PBXGroup;
			children = (
				04AC67942939762B003322FA /* Resources */,
				04AC6750293971C2003322FA /* AppDelegate.swift */,
				04AC6752293971C2003322FA /* SceneDelegate.swift */,
				04AC6756293971C2003322FA /* Main.storyboard */,
				04AC675B293971C4003322FA /* LaunchScreen.storyboard */,
				04AC675E293971C4003322FA /* Info.plist */,
				04AC678029397349003322FA /* LoginViewController.swift */,
				04AC6782293974B2003322FA /* MainCordinator.swift */,
				04AC6784293974BF003322FA /* Cordinator.swift */,
				04AC6786293974F7003322FA /* NSObjectExt.swift */,
				04AC67882939750A003322FA /* AppColors.swift */,
				04AC678A2939751D003322FA /* UIColorExt.swift */,
				04AC678C2939752F003322FA /* UIViewExt.swift */,
				04AC678E2939754E003322FA /* NSLayoutExt.swift */,
				04AC679029397567003322FA /* HomeDetailView.swift */,
				04AC679229397582003322FA /* UIViewControllerExt.swift */,
			);
			path = MintProject;
			sourceTree = "<group>";
		};
		04AC6766293971C4003322FA /* MintProjectTests */ = {
			isa = PBXGroup;
			children = (
				04AC6767293971C4003322FA /* MintProjectTests.swift */,
			);
			path = MintProjectTests;
			sourceTree = "<group>";
		};
		04AC6770293971C4003322FA /* MintProjectUITests */ = {
			isa = PBXGroup;
			children = (
				04AC6771293971C4003322FA /* MintProjectUITests.swift */,
				04AC6773293971C4003322FA /* MintProjectUITestsLaunchTests.swift */,
			);
			path = MintProjectUITests;
			sourceTree = "<group>";
		};
		04AC67942939762B003322FA /* Resources */ = {
			isa = PBXGroup;
			children = (
				04AC6759293971C4003322FA /* Assets.xcassets */,
				04AC679529397646003322FA /* Colors.xcassets */,
			);
			path = Resources;
			sourceTree = "<group>";
		};
/* End PBXGroup section */

/* Begin PBXNativeTarget section */
		04AC674C293971C2003322FA /* MintProject */ = {
			isa = PBXNativeTarget;
			buildConfigurationList = 04AC6777293971C4003322FA /* Build configuration list for PBXNativeTarget "MintProject" */;
			buildPhases = (
				04AC6749293971C2003322FA /* Sources */,
				04AC674A293971C2003322FA /* Frameworks */,
				04AC674B293971C2003322FA /* Resources */,
			);
			buildRules = (
			);
			dependencies = (
			);
			name = MintProject;
			productName = MintProject;
			productReference = 04AC674D293971C2003322FA /* MintProject.app */;
			productType = "com.apple.product-type.application";
		};
		04AC6762293971C4003322FA /* MintProjectTests */ = {
			isa = PBXNativeTarget;
			buildConfigurationList = 04AC677A293971C4003322FA /* Build configuration list for PBXNativeTarget "MintProjectTests" */;
			buildPhases = (
				04AC675F293971C4003322FA /* Sources */,
				04AC6760293971C4003322FA /* Frameworks */,
				04AC6761293971C4003322FA /* Resources */,
			);
			buildRules = (
			);
			dependencies = (
				04AC6765293971C4003322FA /* PBXTargetDependency */,
			);
			name = MintProjectTests;
			productName = MintProjectTests;
			productReference = 04AC6763293971C4003322FA /* MintProjectTests.xctest */;
			productType = "com.apple.product-type.bundle.unit-test";
		};
		04AC676C293971C4003322FA /* MintProjectUITests */ = {
			isa = PBXNativeTarget;
			buildConfigurationList = 04AC677D293971C4003322FA /* Build configuration list for PBXNativeTarget "MintProjectUITests" */;
			buildPhases = (
				04AC6769293971C4003322FA /* Sources */,
				04AC676A293971C4003322FA /* Frameworks */,
				04AC676B293971C4003322FA /* Resources */,
			);
			buildRules = (
			);
			dependencies = (
				04AC676F293971C4003322FA /* PBXTargetDependency */,
			);
			name = MintProjectUITests;
			productName = MintProjectUITests;
			productReference = 04AC676D293971C4003322FA /* MintProjectUITests.xctest */;
			productType = "com.apple.product-type.bundle.ui-testing";
		};
/* End PBXNativeTarget section */

/* Begin PBXProject section */
		04AC6745293971C2003322FA /* Project object */ = {
			isa = PBXProject;
			attributes = {
				BuildIndependentTargetsInParallel = 1;
				LastSwiftUpdateCheck = 1410;
				LastUpgradeCheck = 1410;
				TargetAttributes = {
					04AC674C293971C2003322FA = {
						CreatedOnToolsVersion = 14.1;
					};
					04AC6762293971C4003322FA = {
						CreatedOnToolsVersion = 14.1;
						TestTargetID = 04AC674C293971C2003322FA;
					};
					04AC676C293971C4003322FA = {
						CreatedOnToolsVersion = 14.1;
						TestTargetID = 04AC674C293971C2003322FA;
					};
				};
			};
			buildConfigurationList = 04AC6748293971C2003322FA /* Build configuration list for PBXProject "MintProject" */;
			compatibilityVersion = "Xcode 14.0";
			developmentRegion = en;
			hasScannedForEncodings = 0;
			knownRegions = (
				en,
				Base,
			);
			mainGroup = 04AC6744293971C2003322FA;
			productRefGroup = 04AC674E293971C2003322FA /* Products */;
			projectDirPath = "";
			projectRoot = "";
			targets = (
				04AC674C293971C2003322FA /* MintProject */,
				04AC6762293971C4003322FA /* MintProjectTests */,
				04AC676C293971C4003322FA /* MintProjectUITests */,
			);
		};
/* End PBXProject section */

/* Begin PBXResourcesBuildPhase section */
		04AC674B293971C2003322FA /* Resources */ = {
			isa = PBXResourcesBuildPhase;
			buildActionMask = 2147483647;
			files = (
				04AC675D293971C4003322FA /* LaunchScreen.storyboard in Resources */,
				04AC679629397646003322FA /* Colors.xcassets in Resources */,
				04AC675A293971C4003322FA /* Assets.xcassets in Resources */,
				04AC6758293971C2003322FA /* Main.storyboard in Resources */,
			);
			runOnlyForDeploymentPostprocessing = 0;
		};
		04AC6761293971C4003322FA /* Resources */ = {
			isa = PBXResourcesBuildPhase;
			buildActionMask = 2147483647;
			files = (
			);
			runOnlyForDeploymentPostprocessing = 0;
		};
		04AC676B293971C4003322FA /* Resources */ = {
			isa = PBXResourcesBuildPhase;
			buildActionMask = 2147483647;
			files = (
			);
			runOnlyForDeploymentPostprocessing = 0;
		};
/* End PBXResourcesBuildPhase section */

/* Begin PBXSourcesBuildPhase section */
		04AC6749293971C2003322FA /* Sources */ = {
			isa = PBXSourcesBuildPhase;
			buildActionMask = 2147483647;
			files = (
				04AC678D2939752F003322FA /* UIViewExt.swift in Sources */,
				04AC678129397349003322FA /* LoginViewController.swift in Sources */,
				04AC679329397582003322FA /* UIViewControllerExt.swift in Sources */,
				04AC678F2939754E003322FA /* NSLayoutExt.swift in Sources */,
				04AC678B2939751D003322FA /* UIColorExt.swift in Sources */,
				04AC6785293974BF003322FA /* Cordinator.swift in Sources */,
				04AC6783293974B2003322FA /* MainCordinator.swift in Sources */,
				04AC6787293974F7003322FA /* NSObjectExt.swift in Sources */,
				04AC67892939750A003322FA /* AppColors.swift in Sources */,
				04AC6751293971C2003322FA /* AppDelegate.swift in Sources */,
				04AC679129397567003322FA /* HomeDetailView.swift in Sources */,
				04AC6753293971C2003322FA /* SceneDelegate.swift in Sources */,
			);
			runOnlyForDeploymentPostprocessing = 0;
		};
		04AC675F293971C4003322FA /* Sources */ = {
			isa = PBXSourcesBuildPhase;
			buildActionMask = 2147483647;
			files = (
				04AC6768293971C4003322FA /* MintProjectTests.swift in Sources */,
			);
			runOnlyForDeploymentPostprocessing = 0;
		};
		04AC6769293971C4003322FA /* Sources */ = {
			isa = PBXSourcesBuildPhase;
			buildActionMask = 2147483647;
			files = (
				04AC6774293971C4003322FA /* MintProjectUITestsLaunchTests.swift in Sources */,
				04AC6772293971C4003322FA /* MintProjectUITests.swift in Sources */,
			);
			runOnlyForDeploymentPostprocessing = 0;
		};
/* End PBXSourcesBuildPhase section */

/* Begin PBXTargetDependency section */
		04AC6765293971C4003322FA /* PBXTargetDependency */ = {
			isa = PBXTargetDependency;
			target = 04AC674C293971C2003322FA /* MintProject */;
			targetProxy = 04AC6764293971C4003322FA /* PBXContainerItemProxy */;
		};
		04AC676F293971C4003322FA /* PBXTargetDependency */ = {
			isa = PBXTargetDependency;
			target = 04AC674C293971C2003322FA /* MintProject */;
			targetProxy = 04AC676E293971C4003322FA /* PBXContainerItemProxy */;
		};
/* End PBXTargetDependency section */

/* Begin PBXVariantGroup section */
		04AC6756293971C2003322FA /* Main.storyboard */ = {
			isa = PBXVariantGroup;
			children = (
				04AC6757293971C2003322FA /* Base */,
			);
			name = Main.storyboard;
			sourceTree = "<group>";
		};
		04AC675B293971C4003322FA /* LaunchScreen.storyboard */ = {
			isa = PBXVariantGroup;
			children = (
				04AC675C293971C4003322FA /* Base */,
			);
			name = LaunchScreen.storyboard;
			sourceTree = "<group>";
		};
/* End PBXVariantGroup section */

/* Begin XCBuildConfiguration section */
		04AC6775293971C4003322FA /* Debug */ = {
			isa = XCBuildConfiguration;
			buildSettings = {
				ALWAYS_SEARCH_USER_PATHS = NO;
				CLANG_ANALYZER_NONNULL = YES;
				CLANG_ANALYZER_NUMBER_OBJECT_CONVERSION = YES_AGGRESSIVE;
				CLANG_CXX_LANGUAGE_STANDARD = "gnu++20";
				CLANG_ENABLE_MODULES = YES;
				CLANG_ENABLE_OBJC_ARC = YES;
				CLANG_ENABLE_OBJC_WEAK = YES;
				CLANG_WARN_BLOCK_CAPTURE_AUTORELEASING = YES;
				CLANG_WARN_BOOL_CONVERSION = YES;
				CLANG_WARN_COMMA = YES;
				CLANG_WARN_CONSTANT_CONVERSION = YES;
				CLANG_WARN_DEPRECATED_OBJC_IMPLEMENTATIONS = YES;
				CLANG_WARN_DIRECT_OBJC_ISA_USAGE = YES_ERROR;
				CLANG_WARN_DOCUMENTATION_COMMENTS = YES;
				CLANG_WARN_EMPTY_BODY = YES;
				CLANG_WARN_ENUM_CONVERSION = YES;
				CLANG_WARN_INFINITE_RECURSION = YES;
				CLANG_WARN_INT_CONVERSION = YES;
				CLANG_WARN_NON_LITERAL_NULL_CONVERSION = YES;
				CLANG_WARN_OBJC_IMPLICIT_RETAIN_SELF = YES;
				CLANG_WARN_OBJC_LITERAL_CONVERSION = YES;
				CLANG_WARN_OBJC_ROOT_CLASS = YES_ERROR;
				CLANG_WARN_QUOTED_INCLUDE_IN_FRAMEWORK_HEADER = YES;
				CLANG_WARN_RANGE_LOOP_ANALYSIS = YES;
				CLANG_WARN_STRICT_PROTOTYPES = YES;
				CLANG_WARN_SUSPICIOUS_MOVE = YES;
				CLANG_WARN_UNGUARDED_AVAILABILITY = YES_AGGRESSIVE;
				CLANG_WARN_UNREACHABLE_CODE = YES;
				CLANG_WARN__DUPLICATE_METHOD_MATCH = YES;
				COPY_PHASE_STRIP = NO;
				DEBUG_INFORMATION_FORMAT = dwarf;
				ENABLE_STRICT_OBJC_MSGSEND = YES;
				ENABLE_TESTABILITY = YES;
				GCC_C_LANGUAGE_STANDARD = gnu11;
				GCC_DYNAMIC_NO_PIC = NO;
				GCC_NO_COMMON_BLOCKS = YES;
				GCC_OPTIMIZATION_LEVEL = 0;
				GCC_PREPROCESSOR_DEFINITIONS = (
					"DEBUG=1",
					"$(inherited)",
				);
				GCC_WARN_64_TO_32_BIT_CONVERSION = YES;
				GCC_WARN_ABOUT_RETURN_TYPE = YES_ERROR;
				GCC_WARN_UNDECLARED_SELECTOR = YES;
				GCC_WARN_UNINITIALIZED_AUTOS = YES_AGGRESSIVE;
				GCC_WARN_UNUSED_FUNCTION = YES;
				GCC_WARN_UNUSED_VARIABLE = YES;
				IPHONEOS_DEPLOYMENT_TARGET = 16.1;
				MTL_ENABLE_DEBUG_INFO = INCLUDE_SOURCE;
				MTL_FAST_MATH = YES;
				ONLY_ACTIVE_ARCH = YES;
				SDKROOT = iphoneos;
				SWIFT_ACTIVE_COMPILATION_CONDITIONS = DEBUG;
				SWIFT_OPTIMIZATION_LEVEL = "-Onone";
			};
			name = Debug;
		};
		04AC6776293971C4003322FA /* Release */ = {
			isa = XCBuildConfiguration;
			buildSettings = {
				ALWAYS_SEARCH_USER_PATHS = NO;
				CLANG_ANALYZER_NONNULL = YES;
				CLANG_ANALYZER_NUMBER_OBJECT_CONVERSION = YES_AGGRESSIVE;
				CLANG_CXX_LANGUAGE_STANDARD = "gnu++20";
				CLANG_ENABLE_MODULES = YES;
				CLANG_ENABLE_OBJC_ARC = YES;
				CLANG_ENABLE_OBJC_WEAK = YES;
				CLANG_WARN_BLOCK_CAPTURE_AUTORELEASING = YES;
				CLANG_WARN_BOOL_CONVERSION = YES;
				CLANG_WARN_COMMA = YES;
				CLANG_WARN_CONSTANT_CONVERSION = YES;
				CLANG_WARN_DEPRECATED_OBJC_IMPLEMENTATIONS = YES;
				CLANG_WARN_DIRECT_OBJC_ISA_USAGE = YES_ERROR;
				CLANG_WARN_DOCUMENTATION_COMMENTS = YES;
				CLANG_WARN_EMPTY_BODY = YES;
				CLANG_WARN_ENUM_CONVERSION = YES;
				CLANG_WARN_INFINITE_RECURSION = YES;
				CLANG_WARN_INT_CONVERSION = YES;
				CLANG_WARN_NON_LITERAL_NULL_CONVERSION = YES;
				CLANG_WARN_OBJC_IMPLICIT_RETAIN_SELF = YES;
				CLANG_WARN_OBJC_LITERAL_CONVERSION = YES;
				CLANG_WARN_OBJC_ROOT_CLASS = YES_ERROR;
				CLANG_WARN_QUOTED_INCLUDE_IN_FRAMEWORK_HEADER = YES;
				CLANG_WARN_RANGE_LOOP_ANALYSIS = YES;
				CLANG_WARN_STRICT_PROTOTYPES = YES;
				CLANG_WARN_SUSPICIOUS_MOVE = YES;
				CLANG_WARN_UNGUARDED_AVAILABILITY = YES_AGGRESSIVE;
				CLANG_WARN_UNREACHABLE_CODE = YES;
				CLANG_WARN__DUPLICATE_METHOD_MATCH = YES;
				COPY_PHASE_STRIP = NO;
				DEBUG_INFORMATION_FORMAT = "dwarf-with-dsym";
				ENABLE_NS_ASSERTIONS = NO;
				ENABLE_STRICT_OBJC_MSGSEND = YES;
				GCC_C_LANGUAGE_STANDARD = gnu11;
				GCC_NO_COMMON_BLOCKS = YES;
				GCC_WARN_64_TO_32_BIT_CONVERSION = YES;
				GCC_WARN_ABOUT_RETURN_TYPE = YES_ERROR;
				GCC_WARN_UNDECLARED_SELECTOR = YES;
				GCC_WARN_UNINITIALIZED_AUTOS = YES_AGGRESSIVE;
				GCC_WARN_UNUSED_FUNCTION = YES;
				GCC_WARN_UNUSED_VARIABLE = YES;
				IPHONEOS_DEPLOYMENT_TARGET = 16.1;
				MTL_ENABLE_DEBUG_INFO = NO;
				MTL_FAST_MATH = YES;
				SDKROOT = iphoneos;
				SWIFT_COMPILATION_MODE = wholemodule;
				SWIFT_OPTIMIZATION_LEVEL = "-O";
				VALIDATE_PRODUCT = YES;
			};
			name = Release;
		};
		04AC6778293971C4003322FA /* Debug */ = {
			isa = XCBuildConfiguration;
			buildSettings = {
				ASSETCATALOG_COMPILER_APPICON_NAME = AppIcon;
				ASSETCATALOG_COMPILER_GLOBAL_ACCENT_COLOR_NAME = AccentColor;
				CODE_SIGN_STYLE = Automatic;
				CURRENT_PROJECT_VERSION = 1;
				DEVELOPMENT_TEAM = UQUGQ94G5M;
				GENERATE_INFOPLIST_FILE = YES;
				INFOPLIST_FILE = MintProject/Info.plist;
				INFOPLIST_KEY_UIApplicationSupportsIndirectInputEvents = YES;
				INFOPLIST_KEY_UILaunchStoryboardName = LaunchScreen;
				INFOPLIST_KEY_UIMainStoryboardFile = Main;
				INFOPLIST_KEY_UISupportedInterfaceOrientations_iPad = "UIInterfaceOrientationPortrait UIInterfaceOrientationPortraitUpsideDown UIInterfaceOrientationLandscapeLeft UIInterfaceOrientationLandscapeRight";
				INFOPLIST_KEY_UISupportedInterfaceOrientations_iPhone = "UIInterfaceOrientationPortrait UIInterfaceOrientationLandscapeLeft UIInterfaceOrientationLandscapeRight";
				LD_RUNPATH_SEARCH_PATHS = (
					"$(inherited)",
					"@executable_path/Frameworks",
				);
				MARKETING_VERSION = 1.0;
				PRODUCT_BUNDLE_IDENTIFIER = waris.MintProject;
				PRODUCT_NAME = "$(TARGET_NAME)";
				SWIFT_EMIT_LOC_STRINGS = YES;
				SWIFT_VERSION = 5.0;
				TARGETED_DEVICE_FAMILY = "1,2";
			};
			name = Debug;
		};
		04AC6779293971C4003322FA /* Release */ = {
			isa = XCBuildConfiguration;
			buildSettings = {
				ASSETCATALOG_COMPILER_APPICON_NAME = AppIcon;
				ASSETCATALOG_COMPILER_GLOBAL_ACCENT_COLOR_NAME = AccentColor;
				CODE_SIGN_STYLE = Automatic;
				CURRENT_PROJECT_VERSION = 1;
				DEVELOPMENT_TEAM = UQUGQ94G5M;
				GENERATE_INFOPLIST_FILE = YES;
				INFOPLIST_FILE = MintProject/Info.plist;
				INFOPLIST_KEY_UIApplicationSupportsIndirectInputEvents = YES;
				INFOPLIST_KEY_UILaunchStoryboardName = LaunchScreen;
				INFOPLIST_KEY_UIMainStoryboardFile = Main;
				INFOPLIST_KEY_UISupportedInterfaceOrientations_iPad = "UIInterfaceOrientationPortrait UIInterfaceOrientationPortraitUpsideDown UIInterfaceOrientationLandscapeLeft UIInterfaceOrientationLandscapeRight";
				INFOPLIST_KEY_UISupportedInterfaceOrientations_iPhone = "UIInterfaceOrientationPortrait UIInterfaceOrientationLandscapeLeft UIInterfaceOrientationLandscapeRight";
				LD_RUNPATH_SEARCH_PATHS = (
					"$(inherited)",
					"@executable_path/Frameworks",
				);
				MARKETING_VERSION = 1.0;
				PRODUCT_BUNDLE_IDENTIFIER = waris.MintProject;
				PRODUCT_NAME = "$(TARGET_NAME)";
				SWIFT_EMIT_LOC_STRINGS = YES;
				SWIFT_VERSION = 5.0;
				TARGETED_DEVICE_FAMILY = "1,2";
			};
			name = Release;
		};
		04AC677B293971C4003322FA /* Debug */ = {
			isa = XCBuildConfiguration;
			buildSettings = {
				ALWAYS_EMBED_SWIFT_STANDARD_LIBRARIES = YES;
				BUNDLE_LOADER = "$(TEST_HOST)";
				CODE_SIGN_STYLE = Automatic;
				CURRENT_PROJECT_VERSION = 1;
				DEVELOPMENT_TEAM = UQUGQ94G5M;
				GENERATE_INFOPLIST_FILE = YES;
				IPHONEOS_DEPLOYMENT_TARGET = 16.1;
				MARKETING_VERSION = 1.0;
				PRODUCT_BUNDLE_IDENTIFIER = waris.MintProjectTests;
				PRODUCT_NAME = "$(TARGET_NAME)";
				SWIFT_EMIT_LOC_STRINGS = NO;
				SWIFT_VERSION = 5.0;
				TARGETED_DEVICE_FAMILY = "1,2";
				TEST_HOST = "$(BUILT_PRODUCTS_DIR)/MintProject.app/$(BUNDLE_EXECUTABLE_FOLDER_PATH)/MintProject";
			};
			name = Debug;
		};
		04AC677C293971C4003322FA /* Release */ = {
			isa = XCBuildConfiguration;
			buildSettings = {
				ALWAYS_EMBED_SWIFT_STANDARD_LIBRARIES = YES;
				BUNDLE_LOADER = "$(TEST_HOST)";
				CODE_SIGN_STYLE = Automatic;
				CURRENT_PROJECT_VERSION = 1;
				DEVELOPMENT_TEAM = UQUGQ94G5M;
				GENERATE_INFOPLIST_FILE = YES;
				IPHONEOS_DEPLOYMENT_TARGET = 16.1;
				MARKETING_VERSION = 1.0;
				PRODUCT_BUNDLE_IDENTIFIER = waris.MintProjectTests;
				PRODUCT_NAME = "$(TARGET_NAME)";
				SWIFT_EMIT_LOC_STRINGS = NO;
				SWIFT_VERSION = 5.0;
				TARGETED_DEVICE_FAMILY = "1,2";
				TEST_HOST = "$(BUILT_PRODUCTS_DIR)/MintProject.app/$(BUNDLE_EXECUTABLE_FOLDER_PATH)/MintProject";
			};
			name = Release;
		};
		04AC677E293971C4003322FA /* Debug */ = {
			isa = XCBuildConfiguration;
			buildSettings = {
				ALWAYS_EMBED_SWIFT_STANDARD_LIBRARIES = YES;
				CODE_SIGN_STYLE = Automatic;
				CURRENT_PROJECT_VERSION = 1;
				DEVELOPMENT_TEAM = UQUGQ94G5M;
				GENERATE_INFOPLIST_FILE = YES;
				MARKETING_VERSION = 1.0;
				PRODUCT_BUNDLE_IDENTIFIER = waris.MintProjectUITests;
				PRODUCT_NAME = "$(TARGET_NAME)";
				SWIFT_EMIT_LOC_STRINGS = NO;
				SWIFT_VERSION = 5.0;
				TARGETED_DEVICE_FAMILY = "1,2";
				TEST_TARGET_NAME = MintProject;
			};
			name = Debug;
		};
		04AC677F293971C4003322FA /* Release */ = {
			isa = XCBuildConfiguration;
			buildSettings = {
				ALWAYS_EMBED_SWIFT_STANDARD_LIBRARIES = YES;
				CODE_SIGN_STYLE = Automatic;
				CURRENT_PROJECT_VERSION = 1;
				DEVELOPMENT_TEAM = UQUGQ94G5M;
				GENERATE_INFOPLIST_FILE = YES;
				MARKETING_VERSION = 1.0;
				PRODUCT_BUNDLE_IDENTIFIER = waris.MintProjectUITests;
				PRODUCT_NAME = "$(TARGET_NAME)";
				SWIFT_EMIT_LOC_STRINGS = NO;
				SWIFT_VERSION = 5.0;
				TARGETED_DEVICE_FAMILY = "1,2";
				TEST_TARGET_NAME = MintProject;
			};
			name = Release;
		};
/* End XCBuildConfiguration section */

/* Begin XCConfigurationList section */
		04AC6748293971C2003322FA /* Build configuration list for PBXProject "MintProject" */ = {
			isa = XCConfigurationList;
			buildConfigurations = (
				04AC6775293971C4003322FA /* Debug */,
				04AC6776293971C4003322FA /* Release */,
			);
			defaultConfigurationIsVisible = 0;
			defaultConfigurationName = Release;
		};
		04AC6777293971C4003322FA /* Build configuration list for PBXNativeTarget "MintProject" */ = {
			isa = XCConfigurationList;
			buildConfigurations = (
				04AC6778293971C4003322FA /* Debug */,
				04AC6779293971C4003322FA /* Release */,
			);
			defaultConfigurationIsVisible = 0;
			defaultConfigurationName = Release;
		};
		04AC677A293971C4003322FA /* Build configuration list for PBXNativeTarget "MintProjectTests" */ = {
			isa = XCConfigurationList;
			buildConfigurations = (
				04AC677B293971C4003322FA /* Debug */,
				04AC677C293971C4003322FA /* Release */,
			);
			defaultConfigurationIsVisible = 0;
			defaultConfigurationName = Release;
		};
		04AC677D293971C4003322FA /* Build configuration list for PBXNativeTarget "MintProjectUITests" */ = {
			isa = XCConfigurationList;
			buildConfigurations = (
				04AC677E293971C4003322FA /* Debug */,
				04AC677F293971C4003322FA /* Release */,
			);
			defaultConfigurationIsVisible = 0;
			defaultConfigurationName = Release;
		};
/* End XCConfigurationList section */
	};
	rootObject = 04AC6745293971C2003322FA /* Project object */;
}
